
Microsoft Visual Studio Solution File, Format Version 12.00
# Visual Studio Version 17
VisualStudioVersion = 17.8.34309.116
MinimumVisualStudioVersion = 10.0.40219.1
Project("{FAE04EC0-301F-11D3-BF4B-00C04F79EFBC}") = "Api", "Api.csproj", "{E59A62E7-5DBC-4F92-BB46-B6129F90F823}"
EndProject
Project("{FAE04EC0-301F-11D3-BF4B-00C04F79EFBC}") = "Infrastructure", "..\Infrastructure\Infrastructure.csproj", "{0B99BAC7-9FE9-4A10-B36A-65AA7FDCAB6D}"
EndProject
Project("{FAE04EC0-301F-11D3-BF4B-00C04F79EFBC}") = "Entity", "..\Entity\Entity.csproj", "{50324C4A-9456-414C-B240-8D7FB5ED1221}"
EndProject
Project("{FAE04EC0-301F-11D3-BF4B-00C04F79EFBC}") = "Api.Tests", "..\Api.Tests\Api.Tests.csproj", "{CA2323E3-890E-46C5-A67F-2AD704FA4C73}"
EndProject
Project("{FAE04EC0-301F-11D3-BF4B-00C04F79EFBC}") = "Infrastructure.Tests", "..\Infrastructure.Tests\Infrastructure.Tests.csproj", "{5BEDFAA1-0645-42FE-8D10-767511207DD2}"
EndProject
Global
	GlobalSection(SolutionConfigurationPlatforms) = preSolution
		Debug|Any CPU = Debug|Any CPU
		Release|Any CPU = Release|Any CPU
	EndGlobalSection
	GlobalSection(ProjectConfigurationPlatforms) = postSolution
		{E59A62E7-5DBC-4F92-BB46-B6129F90F823}.Debug|Any CPU.ActiveCfg = Debug|Any CPU
		{E59A62E7-5DBC-4F92-BB46-B6129F90F823}.Debug|Any CPU.Build.0 = Debug|Any CPU
		{E59A62E7-5DBC-4F92-BB46-B6129F90F823}.Release|Any CPU.ActiveCfg = Release|Any CPU
		{E59A62E7-5DBC-4F92-BB46-B6129F90F823}.Release|Any CPU.Build.0 = Release|Any CPU
		{0B99BAC7-9FE9-4A10-B36A-65AA7FDCAB6D}.Debug|Any CPU.ActiveCfg = Debug|Any CPU
		{0B99BAC7-9FE9-4A10-B36A-65AA7FDCAB6D}.Debug|Any CPU.Build.0 = Debug|Any CPU
		{0B99BAC7-9FE9-4A10-B36A-65AA7FDCAB6D}.Release|Any CPU.ActiveCfg = Release|Any CPU
		{0B99BAC7-9FE9-4A10-B36A-65AA7FDCAB6D}.Release|Any CPU.Build.0 = Release|Any CPU
		{50324C4A-9456-414C-B240-8D7FB5ED1221}.Debug|Any CPU.ActiveCfg = Debug|Any CPU
		{50324C4A-9456-414C-B240-8D7FB5ED1221}.Debug|Any CPU.Build.0 = Debug|Any CPU
		{50324C4A-9456-414C-B240-8D7FB5ED1221}.Release|Any CPU.ActiveCfg = Release|Any CPU
		{50324C4A-9456-414C-B240-8D7FB5ED1221}.Release|Any CPU.Build.0 = Release|Any CPU
		{CA2323E3-890E-46C5-A67F-2AD704FA4C73}.Debug|Any CPU.ActiveCfg = Debug|Any CPU
		{CA2323E3-890E-46C5-A67F-2AD704FA4C73}.Debug|Any CPU.Build.0 = Debug|Any CPU
		{CA2323E3-890E-46C5-A67F-2AD704FA4C73}.Release|Any CPU.ActiveCfg = Release|Any CPU
		{CA2323E3-890E-46C5-A67F-2AD704FA4C73}.Release|Any CPU.Build.0 = Release|Any CPU
		{5BEDFAA1-0645-42FE-8D10-767511207DD2}.Debug|Any CPU.ActiveCfg = Debug|Any CPU
		{5BEDFAA1-0645-42FE-8D10-767511207DD2}.Debug|Any CPU.Build.0 = Debug|Any CPU
		{5BEDFAA1-0645-42FE-8D10-767511207DD2}.Release|Any CPU.ActiveCfg = Release|Any CPU
		{5BEDFAA1-0645-42FE-8D10-767511207DD2}.Release|Any CPU.Build.0 = Release|Any CPU
	EndGlobalSection
	GlobalSection(SolutionProperties) = preSolution
		HideSolutionNode = FALSE
	EndGlobalSection
	GlobalSection(ExtensibilityGlobals) = postSolution
		SolutionGuid = {32B63CB1-8B95-43B0-85AA-DC9B440AA944}
	EndGlobalSection
EndGlobal
